{
  "name": "sivoov-run",
  "version": "0.0.0",
  "lockfileVersion": 3,
  "requires": true,
  "packages": {
    "": {
      "name": "sivoov-run",
      "version": "0.0.0",
      "workspaces": [
        "shared",
        "api",
        "app"
      ],
      "engines": {
        "node": ">=22"
      }
    }
  }
}
